
Microsoft Visual Studio Solution File, Format Version 12.00
# Visual Studio 2012
Project("{FAE04EC0-301F-11D3-BF4B-00C04F79EFBC}") = "manage-military-styles", "manage_2525d_styles\manage-military-styles.csproj", "{CF075204-CDC7-48DA-8124-BC75943244A8}"
EndProject
Project("{2150E333-8FDC-42A3-9474-1A3956D46DE8}") = "Solution Items", "Solution Items", "{DBAC2C68-BDFF-4712-A099-AC62D7DDB170}"
EndProject
Global
	GlobalSection(SolutionConfigurationPlatforms) = preSolution
		Debug|Any CPU = Debug|Any CPU
		Release|Any CPU = Release|Any CPU
	EndGlobalSection
	GlobalSection(ProjectConfigurationPlatforms) = postSolution
		{CF075204-CDC7-48DA-8124-BC75943244A8}.Debug|Any CPU.ActiveCfg = Debug|Any CPU
		{CF075204-CDC7-48DA-8124-BC75943244A8}.Debug|Any CPU.Build.0 = Debug|Any CPU
		{CF075204-CDC7-48DA-8124-BC75943244A8}.Release|Any CPU.ActiveCfg = Release|Any CPU
		{CF075204-CDC7-48DA-8124-BC75943244A8}.Release|Any CPU.Build.0 = Release|Any CPU
	EndGlobalSection
	GlobalSection(SolutionProperties) = preSolution
		HideSolutionNode = FALSE
	EndGlobalSection
EndGlobal
