
Microsoft Visual Studio Solution File, Format Version 12.00
# Visual Studio 2012
Project("{FAE04EC0-301F-11D3-BF4B-00C04F79EFBC}") = "MessageFileViewer", "MessageFileViewer\MessageFileViewer.csproj", "{5826F723-A64E-4A76-A14C-8781E913B62A}"
EndProject
Project("{FAE04EC0-301F-11D3-BF4B-00C04F79EFBC}") = "SymbolExportTestApp", "SymbolExportTestApp\SymbolExportTestApp.csproj", "{3192A9C4-C344-4DB0-B8F6-28DF970A4C52}"
EndProject
Project("{FAE04EC0-301F-11D3-BF4B-00C04F79EFBC}") = "SidcSymbolViewer", "SidcSymbolViewer\SidcSymbolViewer.csproj", "{4ED8C235-3235-48CD-9A88-A0C63090C82E}"
EndProject
Global
	GlobalSection(SolutionConfigurationPlatforms) = preSolution
		Debug|Any CPU = Debug|Any CPU
		Release|Any CPU = Release|Any CPU
	EndGlobalSection
	GlobalSection(ProjectConfigurationPlatforms) = postSolution
		{5826F723-A64E-4A76-A14C-8781E913B62A}.Debug|Any CPU.ActiveCfg = Debug|Any CPU
		{5826F723-A64E-4A76-A14C-8781E913B62A}.Debug|Any CPU.Build.0 = Debug|Any CPU
		{5826F723-A64E-4A76-A14C-8781E913B62A}.Release|Any CPU.ActiveCfg = Release|Any CPU
		{5826F723-A64E-4A76-A14C-8781E913B62A}.Release|Any CPU.Build.0 = Release|Any CPU
		{3192A9C4-C344-4DB0-B8F6-28DF970A4C52}.Debug|Any CPU.ActiveCfg = Debug|Any CPU
		{3192A9C4-C344-4DB0-B8F6-28DF970A4C52}.Debug|Any CPU.Build.0 = Debug|Any CPU
		{3192A9C4-C344-4DB0-B8F6-28DF970A4C52}.Release|Any CPU.ActiveCfg = Release|Any CPU
		{3192A9C4-C344-4DB0-B8F6-28DF970A4C52}.Release|Any CPU.Build.0 = Release|Any CPU
		{4ED8C235-3235-48CD-9A88-A0C63090C82E}.Debug|Any CPU.ActiveCfg = Debug|Any CPU
		{4ED8C235-3235-48CD-9A88-A0C63090C82E}.Debug|Any CPU.Build.0 = Debug|Any CPU
		{4ED8C235-3235-48CD-9A88-A0C63090C82E}.Release|Any CPU.ActiveCfg = Release|Any CPU
		{4ED8C235-3235-48CD-9A88-A0C63090C82E}.Release|Any CPU.Build.0 = Release|Any CPU
	EndGlobalSection
	GlobalSection(SolutionProperties) = preSolution
		HideSolutionNode = FALSE
	EndGlobalSection
EndGlobal
